
Microsoft Visual Studio Solution File, Format Version 12.00
# Visual Studio Version 16
VisualStudioVersion = 16.0.31515.178
MinimumVisualStudioVersion = 10.0.40219.1
Project("{FAE04EC0-301F-11D3-BF4B-00C04F79EFBC}") = "MyCrmManager.Persistence", "MyCrmManager.Persistence\MyCrmManager.Persistence.csproj", "{795044A6-4251-4591-9AC7-B71180547EB8}"
EndProject
Project("{FAE04EC0-301F-11D3-BF4B-00C04F79EFBC}") = "MyCrmManager.Domain", "MyCrmManager.Domain\MyCrmManager.Domain.csproj", "{0CF619D1-F97A-403A-9ABC-C7492176DED2}"
EndProject
Project("{FAE04EC0-301F-11D3-BF4B-00C04F79EFBC}") = "MyCrmManager.WinFormUI", "MyCrmManager.WinFormUI\MyCrmManager.WinFormUI.csproj", "{74C5FAE6-1055-4B46-923E-5C796EFC4586}"
EndProject
Global
	GlobalSection(SolutionConfigurationPlatforms) = preSolution
		Debug|Any CPU = Debug|Any CPU
		Release|Any CPU = Release|Any CPU
	EndGlobalSection
	GlobalSection(ProjectConfigurationPlatforms) = postSolution
		{795044A6-4251-4591-9AC7-B71180547EB8}.Debug|Any CPU.ActiveCfg = Debug|Any CPU
		{795044A6-4251-4591-9AC7-B71180547EB8}.Debug|Any CPU.Build.0 = Debug|Any CPU
		{795044A6-4251-4591-9AC7-B71180547EB8}.Release|Any CPU.ActiveCfg = Release|Any CPU
		{795044A6-4251-4591-9AC7-B71180547EB8}.Release|Any CPU.Build.0 = Release|Any CPU
		{0CF619D1-F97A-403A-9ABC-C7492176DED2}.Debug|Any CPU.ActiveCfg = Debug|Any CPU
		{0CF619D1-F97A-403A-9ABC-C7492176DED2}.Debug|Any CPU.Build.0 = Debug|Any CPU
		{0CF619D1-F97A-403A-9ABC-C7492176DED2}.Release|Any CPU.ActiveCfg = Release|Any CPU
		{0CF619D1-F97A-403A-9ABC-C7492176DED2}.Release|Any CPU.Build.0 = Release|Any CPU
		{74C5FAE6-1055-4B46-923E-5C796EFC4586}.Debug|Any CPU.ActiveCfg = Debug|Any CPU
		{74C5FAE6-1055-4B46-923E-5C796EFC4586}.Debug|Any CPU.Build.0 = Debug|Any CPU
		{74C5FAE6-1055-4B46-923E-5C796EFC4586}.Release|Any CPU.ActiveCfg = Release|Any CPU
		{74C5FAE6-1055-4B46-923E-5C796EFC4586}.Release|Any CPU.Build.0 = Release|Any CPU
	EndGlobalSection
	GlobalSection(SolutionProperties) = preSolution
		HideSolutionNode = FALSE
	EndGlobalSection
	GlobalSection(ExtensibilityGlobals) = postSolution
		SolutionGuid = {53AA40A8-0B94-4B56-A5D7-18275020B248}
	EndGlobalSection
EndGlobal
